
Microsoft Visual Studio Solution File, Format Version 12.00
# Visual Studio 15
VisualStudioVersion = 15.0.28307.1169
MinimumVisualStudioVersion = 10.0.40219.1
Project("{FAE04EC0-301F-11D3-BF4B-00C04F79EFBC}") = "SAT.UI.MVC", "SAT.UI.MVC\SAT.UI.MVC.csproj", "{451F7580-107E-4F3C-B467-A0FB50FA647B}"
EndProject
Global
	GlobalSection(SolutionConfigurationPlatforms) = preSolution
		Debug|Any CPU = Debug|Any CPU
		Release|Any CPU = Release|Any CPU
	EndGlobalSection
	GlobalSection(ProjectConfigurationPlatforms) = postSolution
		{451F7580-107E-4F3C-B467-A0FB50FA647B}.Debug|Any CPU.ActiveCfg = Debug|Any CPU
		{451F7580-107E-4F3C-B467-A0FB50FA647B}.Debug|Any CPU.Build.0 = Debug|Any CPU
		{451F7580-107E-4F3C-B467-A0FB50FA647B}.Release|Any CPU.ActiveCfg = Release|Any CPU
		{451F7580-107E-4F3C-B467-A0FB50FA647B}.Release|Any CPU.Build.0 = Release|Any CPU
	EndGlobalSection
	GlobalSection(SolutionProperties) = preSolution
		HideSolutionNode = FALSE
	EndGlobalSection
	GlobalSection(ExtensibilityGlobals) = postSolution
		SolutionGuid = {5AB4DEDC-BC08-4A48-98F7-C9D45A861683}
	EndGlobalSection
EndGlobal
